// !$*UTF8*$!
{
	archiveVersion = 1;
	classes = {
	};
	objectVersion = 51;
	objects = {

/* Begin PBXBuildFile section */
		52F63CB02343B2980034B2CD /* fir-crashlytics-9f3a6-firebase-adminsdk-mqrld-2bbb1693f1.json in Resources */ = {isa = PBXBuildFile; fileRef = 52F63CAF2343B2980034B2CD /* fir-crashlytics-9f3a6-firebase-adminsdk-mqrld-2bbb1693f1.json */; };
		52FD33252343915900DEBA4F /* AppDelegate.swift in Sources */ = {isa = PBXBuildFile; fileRef = 52FD33242343915900DEBA4F /* AppDelegate.swift */; };
		52FD33272343915900DEBA4F /* ViewController.swift in Sources */ = {isa = PBXBuildFile; fileRef = 52FD33262343915900DEBA4F /* ViewController.swift */; };
		52FD332A2343915900DEBA4F /* Main.storyboard in Resources */ = {isa = PBXBuildFile; fileRef = 52FD33282343915900DEBA4F /* Main.storyboard */; };
		52FD332C2343915B00DEBA4F /* Assets.xcassets in Resources */ = {isa = PBXBuildFile; fileRef = 52FD332B2343915B00DEBA4F /* Assets.xcassets */; };
		52FD332F2343915B00DEBA4F /* LaunchScreen.storyboard in Resources */ = {isa = PBXBuildFile; fileRef = 52FD332D2343915B00DEBA4F /* LaunchScreen.storyboard */; };
		52FD3337234391F500DEBA4F /* GoogleService-Info.plist in Resources */ = {isa = PBXBuildFile; fileRef = 52FD3336234391F500DEBA4F /* GoogleService-Info.plist */; };
		BF5D0DE665FA64AF243AEF43 /* Pods_FirebaseCrashlytics.framework in Frameworks */ = {isa = PBXBuildFile; fileRef = 7463711A0554E5D3D9E97431 /* Pods_FirebaseCrashlytics.framework */; };
/* End PBXBuildFile section */

/* Begin PBXFileReference section */
		0248689BF21D8F984689ABA4 /* Pods-FirebaseCrashlytics.release.xcconfig */ = {isa = PBXFileReference; includeInIndex = 1; lastKnownFileType = text.xcconfig; name = "Pods-FirebaseCrashlytics.release.xcconfig"; path = "Target Support Files/Pods-FirebaseCrashlytics/Pods-FirebaseCrashlytics.release.xcconfig"; sourceTree = "<group>"; };
		52F63CAF2343B2980034B2CD /* fir-crashlytics-9f3a6-firebase-adminsdk-mqrld-2bbb1693f1.json */ = {isa = PBXFileReference; fileEncoding = 4; lastKnownFileType = text.json; path = "fir-crashlytics-9f3a6-firebase-adminsdk-mqrld-2bbb1693f1.json"; sourceTree = "<group>"; };
		52FD33212343915900DEBA4F /* FirebaseCrashlytics.app */ = {isa = PBXFileReference; explicitFileType = wrapper.application; includeInIndex = 0; path = FirebaseCrashlytics.app; sourceTree = BUILT_PRODUCTS_DIR; };
		52FD33242343915900DEBA4F /* AppDelegate.swift */ = {isa = PBXFileReference; lastKnownFileType = sourcecode.swift; path = AppDelegate.swift; sourceTree = "<group>"; };
		52FD33262343915900DEBA4F /* ViewController.swift */ = {isa = PBXFileReference; lastKnownFileType = sourcecode.swift; path = ViewController.swift; sourceTree = "<group>"; };
		52FD33292343915900DEBA4F /* Base */ = {isa = PBXFileReference; lastKnownFileType = file.storyboard; name = Base; path = Base.lproj/Main.storyboard; sourceTree = "<group>"; };
		52FD332B2343915B00DEBA4F /* Assets.xcassets */ = {isa = PBXFileReference; lastKnownFileType = folder.assetcatalog; path = Assets.xcassets; sourceTree = "<group>"; };
		52FD332E2343915B00DEBA4F /* Base */ = {isa = PBXFileReference; lastKnownFileType = file.storyboard; name = Base; path = Base.lproj/LaunchScreen.storyboard; sourceTree = "<group>"; };
		52FD33302343915B00DEBA4F /* Info.plist */ = {isa = PBXFileReference; lastKnownFileType = text.plist.xml; path = Info.plist; sourceTree = "<group>"; };
		52FD3336234391F500DEBA4F /* GoogleService-Info.plist */ = {isa = PBXFileReference; fileEncoding = 4; lastKnownFileType = text.plist.xml; path = "GoogleService-Info.plist"; sourceTree = "<group>"; };
		7463711A0554E5D3D9E97431 /* Pods_FirebaseCrashlytics.framework */ = {isa = PBXFileReference; explicitFileType = wrapper.framework; includeInIndex = 0; path = Pods_FirebaseCrashlytics.framework; sourceTree = BUILT_PRODUCTS_DIR; };
		EF1E898A6E1FA5331D2CDB52 /* Pods-FirebaseCrashlytics.debug.xcconfig */ = {isa = PBXFileReference; includeInIndex = 1; lastKnownFileType = text.xcconfig; name = "Pods-FirebaseCrashlytics.debug.xcconfig"; path = "Target Support Files/Pods-FirebaseCrashlytics/Pods-FirebaseCrashlytics.debug.xcconfig"; sourceTree = "<group>"; };
/* End PBXFileReference section */

/* Begin PBXFrameworksBuildPhase section */
		52FD331E2343915900DEBA4F /* Frameworks */ = {
			isa = PBXFrameworksBuildPhase;
			buildActionMask = 2147483647;
			files = (
				BF5D0DE665FA64AF243AEF43 /* Pods_FirebaseCrashlytics.framework in Frameworks */,
			);
			runOnlyForDeploymentPostprocessing = 0;
		};
/* End PBXFrameworksBuildPhase section */

/* Begin PBXGroup section */
		52FD33182343915900DEBA4F = {
			isa = PBXGroup;
			children = (
				52FD33232343915900DEBA4F /* FirebaseCrashlytics */,
				52FD33222343915900DEBA4F /* Products */,
				B6244035E3195E417DC77699 /* Pods */,
				BF804CBB72F7D387B6627791 /* Frameworks */,
			);
			sourceTree = "<group>";
		};
		52FD33222343915900DEBA4F /* Products */ = {
			isa = PBXGroup;
			children = (
				52FD33212343915900DEBA4F /* FirebaseCrashlytics.app */,
			);
			name = Products;
			sourceTree = "<group>";
		};
		52FD33232343915900DEBA4F /* FirebaseCrashlytics */ = {
			isa = PBXGroup;
			children = (
				52FD33242343915900DEBA4F /* AppDelegate.swift */,
				52FD33262343915900DEBA4F /* ViewController.swift */,
				52FD33282343915900DEBA4F /* Main.storyboard */,
				52FD332B2343915B00DEBA4F /* Assets.xcassets */,
				52FD332D2343915B00DEBA4F /* LaunchScreen.storyboard */,
				52FD3336234391F500DEBA4F /* GoogleService-Info.plist */,
				52F63CAF2343B2980034B2CD /* fir-crashlytics-9f3a6-firebase-adminsdk-mqrld-2bbb1693f1.json */,
				52FD33302343915B00DEBA4F /* Info.plist */,
			);
			path = FirebaseCrashlytics;
			sourceTree = "<group>";
		};
		B6244035E3195E417DC77699 /* Pods */ = {
			isa = PBXGroup;
			children = (
				EF1E898A6E1FA5331D2CDB52 /* Pods-FirebaseCrashlytics.debug.xcconfig */,
				0248689BF21D8F984689ABA4 /* Pods-FirebaseCrashlytics.release.xcconfig */,
			);
			path = Pods;
			sourceTree = "<group>";
		};
		BF804CBB72F7D387B6627791 /* Frameworks */ = {
			isa = PBXGroup;
			children = (
				7463711A0554E5D3D9E97431 /* Pods_FirebaseCrashlytics.framework */,
			);
			name = Frameworks;
			sourceTree = "<group>";
		};
/* End PBXGroup section */

/* Begin PBXNativeTarget section */
		52FD33202343915900DEBA4F /* FirebaseCrashlytics */ = {
			isa = PBXNativeTarget;
			buildConfigurationList = 52FD33332343915B00DEBA4F /* Build configuration list for PBXNativeTarget "FirebaseCrashlytics" */;
			buildPhases = (
				20C0445DA4CD89FAA7FCFE45 /* [CP] Check Pods Manifest.lock */,
				52FD331D2343915900DEBA4F /* Sources */,
				52FD331E2343915900DEBA4F /* Frameworks */,
				52FD331F2343915900DEBA4F /* Resources */,
				53C937F96D86BD99F54EEA17 /* [CP] Embed Pods Frameworks */,
				52F63CAE2343A7760034B2CD /* ShellScript */,
			);
			buildRules = (
			);
			dependencies = (
			);
			name = FirebaseCrashlytics;
			productName = FirebaseCrashlytics;
			productReference = 52FD33212343915900DEBA4F /* FirebaseCrashlytics.app */;
			productType = "com.apple.product-type.application";
		};
/* End PBXNativeTarget section */

/* Begin PBXProject section */
		52FD33192343915900DEBA4F /* Project object */ = {
			isa = PBXProject;
			attributes = {
				LastSwiftUpdateCheck = 1010;
				LastUpgradeCheck = 1010;
				ORGANIZATIONNAME = "Thinzar Soe";
				TargetAttributes = {
					52FD33202343915900DEBA4F = {
						CreatedOnToolsVersion = 10.1;
					};
				};
			};
			buildConfigurationList = 52FD331C2343915900DEBA4F /* Build configuration list for PBXProject "FirebaseCrashlytics" */;
			compatibilityVersion = "Xcode 9.3";
			developmentRegion = en;
			hasScannedForEncodings = 0;
			knownRegions = (
				en,
				Base,
			);
			mainGroup = 52FD33182343915900DEBA4F;
			productRefGroup = 52FD33222343915900DEBA4F /* Products */;
			projectDirPath = "";
			projectRoot = "";
			targets = (
				52FD33202343915900DEBA4F /* FirebaseCrashlytics */,
			);
		};
/* End PBXProject section */

/* Begin PBXResourcesBuildPhase section */
		52FD331F2343915900DEBA4F /* Resources */ = {
			isa = PBXResourcesBuildPhase;
			buildActionMask = 2147483647;
			files = (
				52FD332F2343915B00DEBA4F /* LaunchScreen.storyboard in Resources */,
				52FD3337234391F500DEBA4F /* GoogleService-Info.plist in Resources */,
				52FD332C2343915B00DEBA4F /* Assets.xcassets in Resources */,
				52FD332A2343915900DEBA4F /* Main.storyboard in Resources */,
				52F63CB02343B2980034B2CD /* fir-crashlytics-9f3a6-firebase-adminsdk-mqrld-2bbb1693f1.json in Resources */,
			);
			runOnlyForDeploymentPostprocessing = 0;
		};
/* End PBXResourcesBuildPhase section */

/* Begin PBXShellScriptBuildPhase section */
		20C0445DA4CD89FAA7FCFE45 /* [CP] Check Pods Manifest.lock */ = {
			isa = PBXShellScriptBuildPhase;
			buildActionMask = 2147483647;
			files = (
			);
			inputFileListPaths = (
			);
			inputPaths = (
				"${PODS_PODFILE_DIR_PATH}/Podfile.lock",
				"${PODS_ROOT}/Manifest.lock",
			);
			name = "[CP] Check Pods Manifest.lock";
			outputFileListPaths = (
			);
			outputPaths = (
				"$(DERIVED_FILE_DIR)/Pods-FirebaseCrashlytics-checkManifestLockResult.txt",
			);
			runOnlyForDeploymentPostprocessing = 0;
			shellPath = /bin/sh;
			shellScript = "diff \"${PODS_PODFILE_DIR_PATH}/Podfile.lock\" \"${PODS_ROOT}/Manifest.lock\" > /dev/null\nif [ $? != 0 ] ; then\n    # print error to STDERR\n    echo \"error: The sandbox is not in sync with the Podfile.lock. Run 'pod install' or update your CocoaPods installation.\" >&2\n    exit 1\nfi\n# This output is used by Xcode 'outputs' to avoid re-running this script phase.\necho \"SUCCESS\" > \"${SCRIPT_OUTPUT_FILE_0}\"\n";
			showEnvVarsInLog = 0;
		};
		52F63CAE2343A7760034B2CD /* ShellScript */ = {
			isa = PBXShellScriptBuildPhase;
			buildActionMask = 2147483647;
			files = (
			);
			inputFileListPaths = (
			);
			inputPaths = (
				"$(SRCROOT)/$(BUILT_PRODUCTS_DIR)/$(INFOPLIST_PATH)",
			);
			outputFileListPaths = (
			);
			outputPaths = (
			);
			runOnlyForDeploymentPostprocessing = 0;
			shellPath = /bin/sh;
			shellScript = "\"${PODS_ROOT}/Fabric/run\"\n";
		};
		53C937F96D86BD99F54EEA17 /* [CP] Embed Pods Frameworks */ = {
			isa = PBXShellScriptBuildPhase;
			buildActionMask = 2147483647;
			files = (
			);
			inputFileListPaths = (
				"${PODS_ROOT}/Target Support Files/Pods-FirebaseCrashlytics/Pods-FirebaseCrashlytics-frameworks-${CONFIGURATION}-input-files.xcfilelist",
			);
			name = "[CP] Embed Pods Frameworks";
			outputFileListPaths = (
				"${PODS_ROOT}/Target Support Files/Pods-FirebaseCrashlytics/Pods-FirebaseCrashlytics-frameworks-${CONFIGURATION}-output-files.xcfilelist",
			);
			runOnlyForDeploymentPostprocessing = 0;
			shellPath = /bin/sh;
			shellScript = "\"${PODS_ROOT}/Target Support Files/Pods-FirebaseCrashlytics/Pods-FirebaseCrashlytics-frameworks.sh\"\n";
			showEnvVarsInLog = 0;
		};
/* End PBXShellScriptBuildPhase section */

/* Begin PBXSourcesBuildPhase section */
		52FD331D2343915900DEBA4F /* Sources */ = {
			isa = PBXSourcesBuildPhase;
			buildActionMask = 2147483647;
			files = (
				52FD33272343915900DEBA4F /* ViewController.swift in Sources */,
				52FD33252343915900DEBA4F /* AppDelegate.swift in Sources */,
			);
			runOnlyForDeploymentPostprocessing = 0;
		};
/* End PBXSourcesBuildPhase section */

/* Begin PBXVariantGroup section */
		52FD33282343915900DEBA4F /* Main.storyboard */ = {
			isa = PBXVariantGroup;
			children = (
				52FD33292343915900DEBA4F /* Base */,
			);
			name = Main.storyboard;
			sourceTree = "<group>";
		};
		52FD332D2343915B00DEBA4F /* LaunchScreen.storyboard */ = {
			isa = PBXVariantGroup;
			children = (
				52FD332E2343915B00DEBA4F /* Base */,
			);
			name = LaunchScreen.storyboard;
			sourceTree = "<group>";
		};
/* End PBXVariantGroup section */

/* Begin XCBuildConfiguration section */
		52FD33312343915B00DEBA4F /* Debug */ = {
			isa = XCBuildConfiguration;
			buildSettings = {
				ALWAYS_SEARCH_USER_PATHS = NO;
				CLANG_ANALYZER_NONNULL = YES;
				CLANG_ANALYZER_NUMBER_OBJECT_CONVERSION = YES_AGGRESSIVE;
				CLANG_CXX_LANGUAGE_STANDARD = "gnu++14";
				CLANG_CXX_LIBRARY = "libc++";
				CLANG_ENABLE_MODULES = YES;
				CLANG_ENABLE_OBJC_ARC = YES;
				CLANG_ENABLE_OBJC_WEAK = YES;
				CLANG_WARN_BLOCK_CAPTURE_AUTORELEASING = YES;
				CLANG_WARN_BOOL_CONVERSION = YES;
				CLANG_WARN_COMMA = YES;
				CLANG_WARN_CONSTANT_CONVERSION = YES;
				CLANG_WARN_DEPRECATED_OBJC_IMPLEMENTATIONS = YES;
				CLANG_WARN_DIRECT_OBJC_ISA_USAGE = YES_ERROR;
				CLANG_WARN_DOCUMENTATION_COMMENTS = YES;
				CLANG_WARN_EMPTY_BODY = YES;
				CLANG_WARN_ENUM_CONVERSION = YES;
				CLANG_WARN_INFINITE_RECURSION = YES;
				CLANG_WARN_INT_CONVERSION = YES;
				CLANG_WARN_NON_LITERAL_NULL_CONVERSION = YES;
				CLANG_WARN_OBJC_IMPLICIT_RETAIN_SELF = YES;
				CLANG_WARN_OBJC_LITERAL_CONVERSION = YES;
				CLANG_WARN_OBJC_ROOT_CLASS = YES_ERROR;
				CLANG_WARN_RANGE_LOOP_ANALYSIS = YES;
				CLANG_WARN_STRICT_PROTOTYPES = YES;
				CLANG_WARN_SUSPICIOUS_MOVE = YES;
				CLANG_WARN_UNGUARDED_AVAILABILITY = YES_AGGRESSIVE;
				CLANG_WARN_UNREACHABLE_CODE = YES;
				CLANG_WARN__DUPLICATE_METHOD_MATCH = YES;
				CODE_SIGN_IDENTITY = "iPhone Developer";
				COPY_PHASE_STRIP = NO;
				DEBUG_INFORMATION_FORMAT = dwarf;
				ENABLE_STRICT_OBJC_MSGSEND = YES;
				ENABLE_TESTABILITY = YES;
				GCC_C_LANGUAGE_STANDARD = gnu11;
				GCC_DYNAMIC_NO_PIC = NO;
				GCC_NO_COMMON_BLOCKS = YES;
				GCC_OPTIMIZATION_LEVEL = 0;
				GCC_PREPROCESSOR_DEFINITIONS = (
					"DEBUG=1",
					"$(inherited)",
				);
				GCC_WARN_64_TO_32_BIT_CONVERSION = YES;
				GCC_WARN_ABOUT_RETURN_TYPE = YES_ERROR;
				GCC_WARN_UNDECLARED_SELECTOR = YES;
				GCC_WARN_UNINITIALIZED_AUTOS = YES_AGGRESSIVE;
				GCC_WARN_UNUSED_FUNCTION = YES;
				GCC_WARN_UNUSED_VARIABLE = YES;
				IPHONEOS_DEPLOYMENT_TARGET = 12.1;
				MTL_ENABLE_DEBUG_INFO = INCLUDE_SOURCE;
				MTL_FAST_MATH = YES;
				ONLY_ACTIVE_ARCH = YES;
				SDKROOT = iphoneos;
				SWIFT_ACTIVE_COMPILATION_CONDITIONS = DEBUG;
				SWIFT_OPTIMIZATION_LEVEL = "-Onone";
			};
			name = Debug;
		};
		52FD33322343915B00DEBA4F /* Release */ = {
			isa = XCBuildConfiguration;
			buildSettings = {
				ALWAYS_SEARCH_USER_PATHS = NO;
				CLANG_ANALYZER_NONNULL = YES;
				CLANG_ANALYZER_NUMBER_OBJECT_CONVERSION = YES_AGGRESSIVE;
				CLANG_CXX_LANGUAGE_STANDARD = "gnu++14";
				CLANG_CXX_LIBRARY = "libc++";
				CLANG_ENABLE_MODULES = YES;
				CLANG_ENABLE_OBJC_ARC = YES;
				CLANG_ENABLE_OBJC_WEAK = YES;
				CLANG_WARN_BLOCK_CAPTURE_AUTORELEASING = YES;
				CLANG_WARN_BOOL_CONVERSION = YES;
				CLANG_WARN_COMMA = YES;
				CLANG_WARN_CONSTANT_CONVERSION = YES;
				CLANG_WARN_DEPRECATED_OBJC_IMPLEMENTATIONS = YES;
				CLANG_WARN_DIRECT_OBJC_ISA_USAGE = YES_ERROR;
				CLANG_WARN_DOCUMENTATION_COMMENTS = YES;
				CLANG_WARN_EMPTY_BODY = YES;
				CLANG_WARN_ENUM_CONVERSION = YES;
				CLANG_WARN_INFINITE_RECURSION = YES;
				CLANG_WARN_INT_CONVERSION = YES;
				CLANG_WARN_NON_LITERAL_NULL_CONVERSION = YES;
				CLANG_WARN_OBJC_IMPLICIT_RETAIN_SELF = YES;
				CLANG_WARN_OBJC_LITERAL_CONVERSION = YES;
				CLANG_WARN_OBJC_ROOT_CLASS = YES_ERROR;
				CLANG_WARN_RANGE_LOOP_ANALYSIS = YES;
				CLANG_WARN_STRICT_PROTOTYPES = YES;
				CLANG_WARN_SUSPICIOUS_MOVE = YES;
				CLANG_WARN_UNGUARDED_AVAILABILITY = YES_AGGRESSIVE;
				CLANG_WARN_UNREACHABLE_CODE = YES;
				CLANG_WARN__DUPLICATE_METHOD_MATCH = YES;
				CODE_SIGN_IDENTITY = "iPhone Developer";
				COPY_PHASE_STRIP = NO;
				DEBUG_INFORMATION_FORMAT = "dwarf-with-dsym";
				ENABLE_NS_ASSERTIONS = NO;
				ENABLE_STRICT_OBJC_MSGSEND = YES;
				GCC_C_LANGUAGE_STANDARD = gnu11;
				GCC_NO_COMMON_BLOCKS = YES;
				GCC_WARN_64_TO_32_BIT_CONVERSION = YES;
				GCC_WARN_ABOUT_RETURN_TYPE = YES_ERROR;
				GCC_WARN_UNDECLARED_SELECTOR = YES;
				GCC_WARN_UNINITIALIZED_AUTOS = YES_AGGRESSIVE;
				GCC_WARN_UNUSED_FUNCTION = YES;
				GCC_WARN_UNUSED_VARIABLE = YES;
				IPHONEOS_DEPLOYMENT_TARGET = 12.1;
				MTL_ENABLE_DEBUG_INFO = NO;
				MTL_FAST_MATH = YES;
				SDKROOT = iphoneos;
				SWIFT_COMPILATION_MODE = wholemodule;
				SWIFT_OPTIMIZATION_LEVEL = "-O";
				VALIDATE_PRODUCT = YES;
			};
			name = Release;
		};
		52FD33342343915B00DEBA4F /* Debug */ = {
			isa = XCBuildConfiguration;
			baseConfigurationReference = EF1E898A6E1FA5331D2CDB52 /* Pods-FirebaseCrashlytics.debug.xcconfig */;
			buildSettings = {
				ASSETCATALOG_COMPILER_APPICON_NAME = AppIcon;
				CODE_SIGN_STYLE = Automatic;
				DEBUG_INFORMATION_FORMAT = "dwarf-with-dsym";
				INFOPLIST_FILE = FirebaseCrashlytics/Info.plist;
				LD_RUNPATH_SEARCH_PATHS = (
					"$(inherited)",
					"@executable_path/Frameworks",
				);
				PRODUCT_BUNDLE_IDENTIFIER = com..FirebaseCrashlytics;
				PRODUCT_NAME = "$(TARGET_NAME)";
				SWIFT_VERSION = 4.2;
				TARGETED_DEVICE_FAMILY = "1,2";
			};
			name = Debug;
		};
		52FD33352343915B00DEBA4F /* Release */ = {
			isa = XCBuildConfiguration;
			baseConfigurationReference = 0248689BF21D8F984689ABA4 /* Pods-FirebaseCrashlytics.release.xcconfig */;
			buildSettings = {
				ASSETCATALOG_COMPILER_APPICON_NAME = AppIcon;
				CODE_SIGN_STYLE = Automatic;
				DEBUG_INFORMATION_FORMAT = "dwarf-with-dsym";
				INFOPLIST_FILE = FirebaseCrashlytics/Info.plist;
				LD_RUNPATH_SEARCH_PATHS = (
					"$(inherited)",
					"@executable_path/Frameworks",
				);
				PRODUCT_BUNDLE_IDENTIFIER = com..FirebaseCrashlytics;
				PRODUCT_NAME = "$(TARGET_NAME)";
				SWIFT_VERSION = 4.2;
				TARGETED_DEVICE_FAMILY = "1,2";
			};
			name = Release;
		};
/* End XCBuildConfiguration section */

/* Begin XCConfigurationList section */
		52FD331C2343915900DEBA4F /* Build configuration list for PBXProject "FirebaseCrashlytics" */ = {
			isa = XCConfigurationList;
			buildConfigurations = (
				52FD33312343915B00DEBA4F /* Debug */,
				52FD33322343915B00DEBA4F /* Release */,
			);
			defaultConfigurationIsVisible = 0;
			defaultConfigurationName = Release;
		};
		52FD33332343915B00DEBA4F /* Build configuration list for PBXNativeTarget "FirebaseCrashlytics" */ = {
			isa = XCConfigurationList;
			buildConfigurations = (
				52FD33342343915B00DEBA4F /* Debug */,
				52FD33352343915B00DEBA4F /* Release */,
			);
			defaultConfigurationIsVisible = 0;
			defaultConfigurationName = Release;
		};
/* End XCConfigurationList section */
	};
	rootObject = 52FD33192343915900DEBA4F /* Project object */;
}
